
Microsoft Visual Studio Solution File, Format Version 12.00
# Visual Studio 15
VisualStudioVersion = 15.0.27428.2037
MinimumVisualStudioVersion = 10.0.40219.1
Project("{8BC9CEB8-8B4A-11D0-8D11-00A0C91BC942}") = "GStreamerUnityPlugin", "GStreamerUnityPlugin.vcxproj", "{8FB9AD24-E1C7-4C44-BD0E-CA167AF44482}"
EndProject
Project("{8BC9CEB8-8B4A-11D0-8D11-00A0C91BC942}") = "RenderUnityPlugin", "RenderUnityPlugin.vcxproj", "{42EAD665-1104-4A61-9082-1330712D921D}"
EndProject
Global
	GlobalSection(SolutionConfigurationPlatforms) = preSolution
		Debug|X64 = Debug|X64
		Debug|x86 = Debug|x86
		Release|X64 = Release|X64
		Release|x86 = Release|x86
	EndGlobalSection
	GlobalSection(ProjectConfigurationPlatforms) = postSolution
		{8FB9AD24-E1C7-4C44-BD0E-CA167AF44482}.Debug|X64.ActiveCfg = Debug|X64
		{8FB9AD24-E1C7-4C44-BD0E-CA167AF44482}.Debug|X64.Build.0 = Debug|X64
		{8FB9AD24-E1C7-4C44-BD0E-CA167AF44482}.Debug|x86.ActiveCfg = Debug|Win32
		{8FB9AD24-E1C7-4C44-BD0E-CA167AF44482}.Debug|x86.Build.0 = Debug|Win32
		{8FB9AD24-E1C7-4C44-BD0E-CA167AF44482}.Release|X64.ActiveCfg = Release|X64
		{8FB9AD24-E1C7-4C44-BD0E-CA167AF44482}.Release|X64.Build.0 = Release|X64
		{8FB9AD24-E1C7-4C44-BD0E-CA167AF44482}.Release|x86.ActiveCfg = Release|Win32
		{8FB9AD24-E1C7-4C44-BD0E-CA167AF44482}.Release|x86.Build.0 = Release|Win32
		{42EAD665-1104-4A61-9082-1330712D921D}.Debug|X64.ActiveCfg = Debug|X64
		{42EAD665-1104-4A61-9082-1330712D921D}.Debug|X64.Build.0 = Debug|X64
		{42EAD665-1104-4A61-9082-1330712D921D}.Debug|x86.ActiveCfg = Debug|Win32
		{42EAD665-1104-4A61-9082-1330712D921D}.Debug|x86.Build.0 = Debug|Win32
		{42EAD665-1104-4A61-9082-1330712D921D}.Release|X64.ActiveCfg = Release|X64
		{42EAD665-1104-4A61-9082-1330712D921D}.Release|X64.Build.0 = Release|X64
		{42EAD665-1104-4A61-9082-1330712D921D}.Release|x86.ActiveCfg = Release|Win32
		{42EAD665-1104-4A61-9082-1330712D921D}.Release|x86.Build.0 = Release|Win32
	EndGlobalSection
	GlobalSection(SolutionProperties) = preSolution
		HideSolutionNode = FALSE
	EndGlobalSection
	GlobalSection(ExtensibilityGlobals) = postSolution
		SolutionGuid = {84539AA5-88A1-454A-A289-9142E72F4D95}
	EndGlobalSection
EndGlobal
