<?xml version="1.0" encoding="utf-8"?>
<Project ToolsVersion="4.0" xmlns="http://schemas.microsoft.com/developer/msbuild/2003">
  <ItemGroup>
    <Filter Include="Source Files">
      <UniqueIdentifier>{4FC737F1-C7A5-4376-A066-2A32D752A2FF}</UniqueIdentifier>
      <Extensions>cpp;c;cc;cxx;def;odl;idl;hpj;bat;asm;asmx</Extensions>
    </Filter>
    <Filter Include="Header Files">
      <UniqueIdentifier>{93995380-89BD-4b04-88EB-625FBE52EBFB}</UniqueIdentifier>
      <Extensions>h;hh;hpp;hxx;hm;inl;inc;xsd</Extensions>
    </Filter>
    <Filter Include="Resource Files">
      <UniqueIdentifier>{67DA6AB6-F800-4c08-8B7A-83BB121AAD01}</UniqueIdentifier>
      <Extensions>rc;ico;cur;bmp;dlg;rc2;rct;bin;rgs;gif;jpg;jpeg;jpe;resx;tiff;tif;png;wav;mfcribbon-ms</Extensions>
    </Filter>
    <Filter Include="Source Files\Elements">
      <UniqueIdentifier>{9f1b2e8a-6e44-4b14-ba9e-3eb2ff8c6861}</UniqueIdentifier>
    </Filter>
    <Filter Include="Source Files\API">
      <UniqueIdentifier>{e574c74c-40e7-4c61-80ca-f817c02f38cf}</UniqueIdentifier>
    </Filter>
    <Filter Include="Source Files\Players">
      <UniqueIdentifier>{53c03b70-31b0-4063-809e-414e4a124693}</UniqueIdentifier>
    </Filter>
    <Filter Include="Source Files\AudioGrabber">
      <UniqueIdentifier>{011190e1-ba41-41c9-8f0f-c9e0fe5b3816}</UniqueIdentifier>
    </Filter>
    <Filter Include="Source Files\Streamer">
      <UniqueIdentifier>{3be6591e-78a9-4b7a-800e-ac354152667a}</UniqueIdentifier>
    </Filter>
    <Filter Include="Source Files\Elements\Engine">
      <UniqueIdentifier>{2de5499f-a6e1-41e1-92df-6c2ce855510f}</UniqueIdentifier>
    </Filter>
    <Filter Include="Source Files\Elements\Engine\Headers">
      <UniqueIdentifier>{66f08993-3e01-47d8-b52e-211fe3905496}</UniqueIdentifier>
    </Filter>
  </ItemGroup>
  <ItemGroup>
    <ClInclude Include="../source/CMySink.h">
      <Filter>Header Files</Filter>
    </ClInclude>
    <ClInclude Include="../sources/CMySrc.h">
      <Filter>Header Files</Filter>
    </ClInclude>
    <ClInclude Include="../sources/CoreAPI.h">
      <Filter>Header Files</Filter>
    </ClInclude>
    <ClInclude Include="../sources/GstCustomVideoPlayer.h">
      <Filter>Header Files</Filter>
    </ClInclude>
    <ClInclude Include="../sources/GstNetworkAudioPlayer.h">
      <Filter>Header Files</Filter>
    </ClInclude>
    <ClInclude Include="../sources/GstNetworkMultipleVideoPlayer.h">
      <Filter>Header Files</Filter>
    </ClInclude>
    <ClInclude Include="../sources/GstNetworkVideoPlayer.h">
      <Filter>Header Files</Filter>
    </ClInclude>
    <ClInclude Include="../sources/GstPipelineHandler.h">
      <Filter>Header Files</Filter>
    </ClInclude>
    <ClInclude Include="../sources/GstPlayerBin.h">
      <Filter>Header Files</Filter>
    </ClInclude>
    <ClInclude Include="../sources/GStreamerCore.h">
      <Filter>Header Files</Filter>
    </ClInclude>
    <ClInclude Include="../sources/IGStreamerPlayer.h">
      <Filter>Header Files</Filter>
    </ClInclude>
    <ClInclude Include="../sources/IGStreamerStreamer.h">
      <Filter>Header Files</Filter>
    </ClInclude>
    <ClInclude Include="../sources/IStreamListener.h">
      <Filter>Header Files</Filter>
    </ClInclude>
    <ClInclude Include="../sources/PlayersAPI.h">
      <Filter>Header Files</Filter>
    </ClInclude>
    <ClInclude Include="../sources/stdafx.h">
      <Filter>Header Files</Filter>
    </ClInclude>
    <ClInclude Include="../sources/StreamersAPI.h">
      <Filter>Header Files</Filter>
    </ClInclude>
    <ClInclude Include="../sources/UnityHelpers.h">
      <Filter>Header Files</Filter>
    </ClInclude>
    <ClInclude Include="../sources/UnityImageGrabber.h">
      <Filter>Header Files</Filter>
    </ClInclude>
    <ClInclude Include="../sources/UnityPlugin.h">
      <Filter>Header Files</Filter>
    </ClInclude>
    <ClInclude Include="../sources/VideoAppSinkHandler.h">
      <Filter>Header Files</Filter>
    </ClInclude>
    <ClInclude Include="../includes/common.h">
      <Filter>Header Files</Filter>
    </ClInclude>
    <ClInclude Include="../includes/GraphicsInclude.h">
      <Filter>Header Files</Filter>
    </ClInclude>
    <ClInclude Include="../includes/ImageInfo.h">
      <Filter>Header Files</Filter>
    </ClInclude>
    <ClInclude Include="../includes/IMutex.h">
      <Filter>Header Files</Filter>
    </ClInclude>
    <ClInclude Include="../includes/INetwork.h">
      <Filter>Header Files</Filter>
    </ClInclude>
    <ClInclude Include="../includes/ISingleton.h">
      <Filter>Header Files</Filter>
    </ClInclude>
    <ClInclude Include="../includes/IThread.h">
      <Filter>Header Files</Filter>
    </ClInclude>
    <ClInclude Include="../includes/IThreadFunction.h">
      <Filter>Header Files</Filter>
    </ClInclude>
    <ClInclude Include="../includes/IThreadManager.h">
      <Filter>Header Files</Filter>
    </ClInclude>
    <ClInclude Include="../includes/IUDPClient.h">
      <Filter>Header Files</Filter>
    </ClInclude>
    <ClInclude Include="../includes/IVideoGrabber.h">
      <Filter>Header Files</Filter>
    </ClInclude>
    <ClInclude Include="../includes/ListenerContainer.h">
      <Filter>Header Files</Filter>
    </ClInclude>
    <ClInclude Include="../includes/mTypes.h">
      <Filter>Header Files</Filter>
    </ClInclude>
    <ClInclude Include="../includes/NetAddress.h">
      <Filter>Header Files</Filter>
    </ClInclude>
    <ClInclude Include="../includes/PixelUtil.h">
      <Filter>Header Files</Filter>
    </ClInclude>
    <ClInclude Include="../includes/videoCommon.h">
      <Filter>Header Files</Filter>
    </ClInclude>
    <ClInclude Include="../includes/Win32/Win32Network.h">
      <Filter>Header Files</Filter>
    </ClInclude>
    <ClInclude Include="../includes/Win32/Win32UDPClient.h">
      <Filter>Header Files</Filter>
    </ClInclude>
    <ClInclude Include="../includes/Win32/WinMutex.h">
      <Filter>Header Files</Filter>
    </ClInclude>
    <ClInclude Include="../includes/Win32/WinThread.h">
      <Filter>Header Files</Filter>
    </ClInclude>
    <ClInclude Include="../includes/Win32/WinThreadManager.h">
      <Filter>Header Files</Filter>
    </ClInclude>
    <ClInclude Include="../includes/RenderAPI.h">
      <Filter>Header Files</Filter>
    </ClInclude>
    <ClInclude Include="../includes/UnityGraphicsDevice.h">
      <Filter>Header Files</Filter>
    </ClInclude>
    <ClInclude Include="..\sources\CMyUDPSink.h">
      <Filter>Source Files\Elements</Filter>
    </ClInclude>
    <ClInclude Include="..\sources\CMyUDPSrc.h">
      <Filter>Source Files\Elements</Filter>
    </ClInclude>
    <ClInclude Include="..\sources\GstNetworkAudioStreamer.h">
      <Filter>Source Files\Streamer</Filter>
    </ClInclude>
    <ClInclude Include="..\includes\MutexLocks.h">
      <Filter>Header Files</Filter>
    </ClInclude>
    <ClInclude Include="..\sources\CMyListener.h">
      <Filter>Source Files\Elements</Filter>
    </ClInclude>
    <ClInclude Include="..\sources\rtp.h">
      <Filter>Source Files</Filter>
    </ClInclude>
    <ClInclude Include="..\sources\GstNetworkVideoStreamer.h">
      <Filter>Source Files\Streamer</Filter>
    </ClInclude>
    <ClInclude Include="..\sources\GstCustomVideoStreamer.h">
      <Filter>Source Files\Streamer</Filter>
    </ClInclude>
    <ClInclude Include="..\includes\GstCustomDataReceiver.h">
      <Filter>Source Files\Players</Filter>
    </ClInclude>
    <ClInclude Include="..\sources\GstAppNetAudioStreamer.h">
      <Filter>Source Files\Streamer</Filter>
    </ClInclude>
    <ClInclude Include="..\sources\IAudioGrabber.h">
      <Filter>Source Files\AudioGrabber</Filter>
    </ClInclude>
    <ClInclude Include="..\sources\LocalAudioGrabber.h">
      <Filter>Source Files\AudioGrabber</Filter>
    </ClInclude>
    <ClInclude Include="..\sources\CustomAudioGrabber.h">
      <Filter>Source Files\AudioGrabber</Filter>
    </ClInclude>
    <ClInclude Include="..\sources\UnityAudioGrabber.h">
      <Filter>Source Files\AudioGrabber</Filter>
    </ClInclude>
    <ClInclude Include="..\sources\DirectSoundInputStream.h">
      <Filter>Source Files\Elements\Engine</Filter>
    </ClInclude>
    <ClInclude Include="..\sources\NetworkAudioGrabber.h">
      <Filter>Source Files\AudioGrabber</Filter>
    </ClInclude>
    <ClInclude Include="..\sources\GstCustomDataPlayer.h">
      <Filter>Source Files\Players</Filter>
    </ClInclude>
    <ClInclude Include="..\sources\GZipCompress.h">
      <Filter>Source Files\Players</Filter>
    </ClInclude>
    <ClInclude Include="..\sources\GstAppAudioPlayer.h">
      <Filter>Source Files\Players</Filter>
    </ClInclude>
    <ClInclude Include="..\sources\DirectSoundOutputStream.h">
      <Filter>Source Files\Elements\Engine</Filter>
    </ClInclude>
    <ClInclude Include="..\sources\GstCustomDataStreamer.h">
      <Filter>Source Files\Streamer</Filter>
    </ClInclude>
    <ClInclude Include="..\sources\GstAudioSampler.h">
      <Filter>Source Files\Players</Filter>
    </ClInclude>
  </ItemGroup>
  <ItemGroup>
    <ClCompile Include="../sources/GStreamerCore.cpp">
      <Filter>Source Files</Filter>
    </ClCompile>
    <ClCompile Include="../sources/IGStreamerPlayer.cpp">
      <Filter>Source Files</Filter>
    </ClCompile>
    <ClCompile Include="../sources/IGStreamerStreamer.cpp">
      <Filter>Source Files</Filter>
    </ClCompile>
    <ClCompile Include="../includes/ImageInfo.cpp">
      <Filter>Source Files</Filter>
    </ClCompile>
    <ClCompile Include="../includes/IThreadManager.cpp">
      <Filter>Source Files</Filter>
    </ClCompile>
    <ClCompile Include="../includes/NetAddress.cpp">
      <Filter>Source Files</Filter>
    </ClCompile>
    <ClCompile Include="../includes/PixelUtil.cpp">
      <Filter>Source Files</Filter>
    </ClCompile>
    <ClCompile Include="../includes/UnityGraphicsDevice.cpp">
      <Filter>Source Files</Filter>
    </ClCompile>
    <ClCompile Include="../sources/UnityHelpers.cpp">
      <Filter>Source Files</Filter>
    </ClCompile>
    <ClCompile Include="../sources/UnityImageGrabber.cpp">
      <Filter>Source Files</Filter>
    </ClCompile>
    <ClCompile Include="..\sources\CMyUDPSink.cpp">
      <Filter>Source Files\Elements</Filter>
    </ClCompile>
    <ClCompile Include="..\sources\CMyUDPSrc.cpp">
      <Filter>Source Files\Elements</Filter>
    </ClCompile>
    <ClCompile Include="../sources/VideoAppSinkHandler.cpp">
      <Filter>Source Files\Players</Filter>
    </ClCompile>
    <ClCompile Include="../sources/AudioAppSinkHandler.cpp">
      <Filter>Source Files\Players</Filter>
    </ClCompile>
    <ClCompile Include="../sources/GstPipelineHandler.cpp">
      <Filter>Source Files\Players</Filter>
    </ClCompile>
    <ClCompile Include="..\sources\GstNetworkAudioStreamer.cpp">
      <Filter>Source Files\Streamer</Filter>
    </ClCompile>
    <ClCompile Include="../sources/GstCustomVideoPlayer.cpp">
      <Filter>Source Files\Players</Filter>
    </ClCompile>
    <ClCompile Include="..\sources\GstNetworkAudioPlayer.cpp">
      <Filter>Source Files\Players</Filter>
    </ClCompile>
    <ClCompile Include="..\sources\GstNetworkMultipleVideoPlayer.cpp">
      <Filter>Source Files\Players</Filter>
    </ClCompile>
    <ClCompile Include="..\sources\GstNetworkVideoPlayer.cpp">
      <Filter>Source Files\Players</Filter>
    </ClCompile>
    <ClCompile Include="../includes/RenderAPI_OpenGL2.cpp">
      <Filter>Source Files\API</Filter>
    </ClCompile>
    <ClCompile Include="../includes/RenderAPI.cpp">
      <Filter>Source Files\API</Filter>
    </ClCompile>
    <ClCompile Include="../includes/RenderAPI_D3D9.cpp">
      <Filter>Source Files\API</Filter>
    </ClCompile>
    <ClCompile Include="../includes/RenderAPI_D3D11.cpp">
      <Filter>Source Files\API</Filter>
    </ClCompile>
    <ClCompile Include="../sources/PlayersAPI.cpp">
      <Filter>Source Files\API</Filter>
    </ClCompile>
    <ClCompile Include="../sources/CoreAPI.cpp">
      <Filter>Source Files\API</Filter>
    </ClCompile>
    <ClCompile Include="../sources/GstPlayerBin.cpp">
      <Filter>Source Files\Players</Filter>
    </ClCompile>
    <ClCompile Include="../includes/Win32/Win32Network.cpp">
      <Filter>Header Files</Filter>
    </ClCompile>
    <ClCompile Include="../includes/Win32/Win32UDPClient.cpp">
      <Filter>Header Files</Filter>
    </ClCompile>
    <ClCompile Include="../includes/Win32/WinMutex.cpp">
      <Filter>Header Files</Filter>
    </ClCompile>
    <ClCompile Include="../includes/Win32/WinThread.cpp">
      <Filter>Header Files</Filter>
    </ClCompile>
    <ClCompile Include="../includes/Win32/WinThreadManager.cpp">
      <Filter>Header Files</Filter>
    </ClCompile>
    <ClCompile Include="../sources/StreamersAPI.cpp">
      <Filter>Source Files\API</Filter>
    </ClCompile>
    <ClCompile Include="../sources/IAppSinkHandler.cpp">
      <Filter>Source Files\Players</Filter>
    </ClCompile>
    <ClCompile Include="..\sources\rtp.cpp">
      <Filter>Source Files</Filter>
    </ClCompile>
    <ClCompile Include="..\sources\CMyListener.cpp">
      <Filter>Source Files\Elements</Filter>
    </ClCompile>
    <ClCompile Include="..\sources\GstNetworkVideoStreamer.cpp">
      <Filter>Source Files\Streamer</Filter>
    </ClCompile>
    <ClCompile Include="..\sources\GstCustomVideoStreamer.cpp">
      <Filter>Source Files\Streamer</Filter>
    </ClCompile>
    <ClCompile Include="..\sources\GstCustomDataReceiver.cpp">
      <Filter>Source Files\Players</Filter>
    </ClCompile>
    <ClCompile Include="..\sources\GstAppNetAudioStreamer.cpp">
      <Filter>Source Files\Streamer</Filter>
    </ClCompile>
    <ClCompile Include="..\sources\LocalAudioGrabber.cpp">
      <Filter>Source Files\AudioGrabber</Filter>
    </ClCompile>
    <ClCompile Include="..\sources\CustomAudioGrabber.cpp">
      <Filter>Source Files\AudioGrabber</Filter>
    </ClCompile>
    <ClCompile Include="..\sources\UnityAudioGrabber.cpp">
      <Filter>Source Files\AudioGrabber</Filter>
    </ClCompile>
    <ClCompile Include="..\sources\DirectSoundInputStream.cpp">
      <Filter>Source Files\Elements\Engine</Filter>
    </ClCompile>
    <ClCompile Include="..\sources\NetworkAudioGrabber.cpp">
      <Filter>Source Files\AudioGrabber</Filter>
    </ClCompile>
    <ClCompile Include="..\sources\GstCustomDataPlayer.cpp">
      <Filter>Source Files\Players</Filter>
    </ClCompile>
    <ClCompile Include="..\sources\GZipCompress.cpp">
      <Filter>Source Files\Players</Filter>
    </ClCompile>
    <ClCompile Include="..\sources\GstAppAudioPlayer.cpp">
      <Filter>Source Files\Players</Filter>
    </ClCompile>
    <ClCompile Include="..\sources\DirectSoundOutputStream.cpp">
      <Filter>Source Files\Elements\Engine</Filter>
    </ClCompile>
    <ClCompile Include="..\sources\GstCustomDataStreamer.cpp">
      <Filter>Source Files\Streamer</Filter>
    </ClCompile>
    <ClCompile Include="..\sources\GstAudioSampler.cpp">
      <Filter>Source Files\Players</Filter>
    </ClCompile>
    <ClCompile Include="..\includes\RenderAPI_OpenGLCoreES.cpp">
      <Filter>Source Files\API</Filter>
    </ClCompile>
  </ItemGroup>
</Project>